
Microsoft Visual Studio Solution File, Format Version 12.00
# Visual Studio 15
VisualStudioVersion = 15.0.28307.539
MinimumVisualStudioVersion = 10.0.40219.1
Project("{FAE04EC0-301F-11D3-BF4B-00C04F79EFBC}") = "Lecturers", "Lecturers\Lecturers.csproj", "{58747FB7-366E-402D-A174-34F56BA88882}"
EndProject
Global
	GlobalSection(SolutionConfigurationPlatforms) = preSolution
		Debug|Any CPU = Debug|Any CPU
		Release|Any CPU = Release|Any CPU
	EndGlobalSection
	GlobalSection(ProjectConfigurationPlatforms) = postSolution
		{58747FB7-366E-402D-A174-34F56BA88882}.Debug|Any CPU.ActiveCfg = Debug|Any CPU
		{58747FB7-366E-402D-A174-34F56BA88882}.Debug|Any CPU.Build.0 = Debug|Any CPU
		{58747FB7-366E-402D-A174-34F56BA88882}.Release|Any CPU.ActiveCfg = Release|Any CPU
		{58747FB7-366E-402D-A174-34F56BA88882}.Release|Any CPU.Build.0 = Release|Any CPU
	EndGlobalSection
	GlobalSection(SolutionProperties) = preSolution
		HideSolutionNode = FALSE
	EndGlobalSection
	GlobalSection(ExtensibilityGlobals) = postSolution
		SolutionGuid = {29776C14-42FE-410F-8708-E8AD97C18CCD}
	EndGlobalSection
EndGlobal
